// !$*UTF8*$!
{
	archiveVersion = 1;
	classes = {
	};
	objectVersion = 46;
	objects = {

/* Begin PBXBuildFile section */
		350656FD1E3C14990016F8CA /* Keyboard.storyboard in Resources */ = {isa = PBXBuildFile; fileRef = 350656FC1E3C14990016F8CA /* Keyboard.storyboard */; };
		350656FE1E3C35180016F8CA /* Accelerate.framework in Frameworks */ = {isa = PBXBuildFile; fileRef = 5993C7731D5D4EAF0048CE6A /* Accelerate.framework */; };
		350657011E3C35670016F8CA /* libprotobuf.a in Frameworks */ = {isa = PBXBuildFile; fileRef = 350657001E3C35670016F8CA /* libprotobuf.a */; };
		350657031E3C357A0016F8CA /* libprotobuf-lite.a in Frameworks */ = {isa = PBXBuildFile; fileRef = 350657021E3C357A0016F8CA /* libprotobuf-lite.a */; };
		350657041E3C359C0016F8CA /* UIKit.framework in Frameworks */ = {isa = PBXBuildFile; fileRef = 59A3D0171CF4E86100C4259F /* UIKit.framework */; };
		350657051E3C35A10016F8CA /* CoreGraphics.framework in Frameworks */ = {isa = PBXBuildFile; fileRef = 59A3D0131CF4E82500C4259F /* CoreGraphics.framework */; };
		3520A9871E3C0120008457AA /* KeyboardViewController.mm in Sources */ = {isa = PBXBuildFile; fileRef = 3520A9861E3C0120008457AA /* KeyboardViewController.mm */; };
		3520A98B1E3C0120008457AA /* keyboard.appex in Embed App Extensions */ = {isa = PBXBuildFile; fileRef = 3520A9831E3C0120008457AA /* keyboard.appex */; settings = {ATTRIBUTES = (RemoveHeadersOnCopy, ); }; };
		3545AA581EAAE44B00F94F42 /* graph.pb in Resources */ = {isa = PBXBuildFile; fileRef = 3545AA551EAAE44B00F94F42 /* graph.pb */; };
		3545AA591EAAE44B00F94F42 /* rnn.pbtxt in Resources */ = {isa = PBXBuildFile; fileRef = 3545AA561EAAE44B00F94F42 /* rnn.pbtxt */; };
		3545AA5A1EAAE44B00F94F42 /* vocab.pbtxt in Resources */ = {isa = PBXBuildFile; fileRef = 3545AA571EAAE44B00F94F42 /* vocab.pbtxt */; };
		354709951E43E8E9005ACFA0 /* Enter.png in Resources */ = {isa = PBXBuildFile; fileRef = 354709931E43E8E9005ACFA0 /* Enter.png */; };
		3547099D1E43EF28005ACFA0 /* Delete.png in Resources */ = {isa = PBXBuildFile; fileRef = 3547099C1E43EF28005ACFA0 /* Delete.png */; };
		3547099F1E43F7F1005ACFA0 /* Globe.png in Resources */ = {isa = PBXBuildFile; fileRef = 3547099E1E43F7F1005ACFA0 /* Globe.png */; };
		357EBD181E411C4A007CD6A3 /* Lower.png in Resources */ = {isa = PBXBuildFile; fileRef = 357EBD151E411C4A007CD6A3 /* Lower.png */; };
		357EBD191E411C4A007CD6A3 /* Shift.png in Resources */ = {isa = PBXBuildFile; fileRef = 357EBD161E411C4A007CD6A3 /* Shift.png */; };
		357EBD1A1E411C4A007CD6A3 /* Upper.png in Resources */ = {isa = PBXBuildFile; fileRef = 357EBD171E411C4A007CD6A3 /* Upper.png */; };
		35DBFA621E3FB55100B445ED /* libz.1.2.5.tbd in Frameworks */ = {isa = PBXBuildFile; fileRef = 35DBFA611E3FB55100B445ED /* libz.1.2.5.tbd */; };
		590E7D881D02091F00DF5523 /* libprotobuf-lite.a in Frameworks */ = {isa = PBXBuildFile; fileRef = 590E7D861D02091F00DF5523 /* libprotobuf-lite.a */; };
		590E7D8A1D0209DD00DF5523 /* libprotobuf.a in Frameworks */ = {isa = PBXBuildFile; fileRef = 590E7D871D02091F00DF5523 /* libprotobuf.a */; };
		5993C7741D5D4EAF0048CE6A /* Accelerate.framework in Frameworks */ = {isa = PBXBuildFile; fileRef = 5993C7731D5D4EAF0048CE6A /* Accelerate.framework */; };
		59A3D0011CF4E68100C4259F /* AppDelegate.mm in Sources */ = {isa = PBXBuildFile; fileRef = 59A3CFF21CF4E68100C4259F /* AppDelegate.mm */; };
		59A3D0091CF4E68100C4259F /* main.mm in Sources */ = {isa = PBXBuildFile; fileRef = 59A3CFFC1CF4E68100C4259F /* main.mm */; };
		59A3D00B1CF4E68100C4259F /* RunModelViewController.mm in Sources */ = {isa = PBXBuildFile; fileRef = 59A3CFFF1CF4E68100C4259F /* RunModelViewController.mm */; };
		59A3D00C1CF4E68100C4259F /* RunModelViewController.xib in Resources */ = {isa = PBXBuildFile; fileRef = 59A3D0001CF4E68100C4259F /* RunModelViewController.xib */; };
		59A3D0141CF4E82500C4259F /* CoreGraphics.framework in Frameworks */ = {isa = PBXBuildFile; fileRef = 59A3D0131CF4E82500C4259F /* CoreGraphics.framework */; };
		59A3D0181CF4E86100C4259F /* UIKit.framework in Frameworks */ = {isa = PBXBuildFile; fileRef = 59A3D0171CF4E86100C4259F /* UIKit.framework */; };
/* End PBXBuildFile section */

/* Begin PBXContainerItemProxy section */
		3520A9891E3C0120008457AA /* PBXContainerItemProxy */ = {
			isa = PBXContainerItemProxy;
			containerPortal = 591157931CF4011C00C31E3A /* Project object */;
			proxyType = 1;
			remoteGlobalIDString = 3520A9821E3C0120008457AA;
			remoteInfo = keyboard;
		};
/* End PBXContainerItemProxy section */

/* Begin PBXCopyFilesBuildPhase section */
		3520A98F1E3C0120008457AA /* Embed App Extensions */ = {
			isa = PBXCopyFilesBuildPhase;
			buildActionMask = 2147483647;
			dstPath = "";
			dstSubfolderSpec = 13;
			files = (
				3520A98B1E3C0120008457AA /* keyboard.appex in Embed App Extensions */,
			);
			name = "Embed App Extensions";
			runOnlyForDeploymentPostprocessing = 0;
		};
/* End PBXCopyFilesBuildPhase section */

/* Begin PBXFileReference section */
		350656FC1E3C14990016F8CA /* Keyboard.storyboard */ = {isa = PBXFileReference; fileEncoding = 4; lastKnownFileType = file.storyboard; path = Keyboard.storyboard; sourceTree = "<group>"; };
		350657001E3C35670016F8CA /* libprotobuf.a */ = {isa = PBXFileReference; lastKnownFileType = archive.ar; name = libprotobuf.a; path = ../../contrib/makefile/gen/protobuf_ios/lib/libprotobuf.a; sourceTree = "<group>"; };
		350657021E3C357A0016F8CA /* libprotobuf-lite.a */ = {isa = PBXFileReference; lastKnownFileType = archive.ar; name = "libprotobuf-lite.a"; path = "../../contrib/makefile/gen/protobuf_ios/lib/libprotobuf-lite.a"; sourceTree = "<group>"; };
		3520A9831E3C0120008457AA /* keyboard.appex */ = {isa = PBXFileReference; explicitFileType = "wrapper.app-extension"; includeInIndex = 0; path = keyboard.appex; sourceTree = BUILT_PRODUCTS_DIR; };
		3520A9851E3C0120008457AA /* KeyboardViewController.h */ = {isa = PBXFileReference; lastKnownFileType = sourcecode.c.h; path = KeyboardViewController.h; sourceTree = "<group>"; };
		3520A9861E3C0120008457AA /* KeyboardViewController.mm */ = {isa = PBXFileReference; lastKnownFileType = sourcecode.cpp.objcpp; path = KeyboardViewController.mm; sourceTree = "<group>"; };
		3520A9881E3C0120008457AA /* Info.plist */ = {isa = PBXFileReference; lastKnownFileType = text.plist.xml; path = Info.plist; sourceTree = "<group>"; };
		3545AA551EAAE44B00F94F42 /* graph.pb */ = {isa = PBXFileReference; lastKnownFileType = file; path = graph.pb; sourceTree = "<group>"; };
		3545AA561EAAE44B00F94F42 /* rnn.pbtxt */ = {isa = PBXFileReference; fileEncoding = 4; lastKnownFileType = text; path = rnn.pbtxt; sourceTree = "<group>"; };
		3545AA571EAAE44B00F94F42 /* vocab.pbtxt */ = {isa = PBXFileReference; fileEncoding = 4; lastKnownFileType = text; path = vocab.pbtxt; sourceTree = "<group>"; };
		354709931E43E8E9005ACFA0 /* Enter.png */ = {isa = PBXFileReference; lastKnownFileType = image.png; path = Enter.png; sourceTree = "<group>"; };
		3547099C1E43EF28005ACFA0 /* Delete.png */ = {isa = PBXFileReference; lastKnownFileType = image.png; path = Delete.png; sourceTree = "<group>"; };
		3547099E1E43F7F1005ACFA0 /* Globe.png */ = {isa = PBXFileReference; lastKnownFileType = image.png; path = Globe.png; sourceTree = "<group>"; };
		357EBD151E411C4A007CD6A3 /* Lower.png */ = {isa = PBXFileReference; lastKnownFileType = image.png; path = Lower.png; sourceTree = "<group>"; };
		357EBD161E411C4A007CD6A3 /* Shift.png */ = {isa = PBXFileReference; lastKnownFileType = image.png; path = Shift.png; sourceTree = "<group>"; };
		357EBD171E411C4A007CD6A3 /* Upper.png */ = {isa = PBXFileReference; lastKnownFileType = image.png; path = Upper.png; sourceTree = "<group>"; };
		35DBFA611E3FB55100B445ED /* libz.1.2.5.tbd */ = {isa = PBXFileReference; lastKnownFileType = "sourcecode.text-based-dylib-definition"; name = libz.1.2.5.tbd; path = usr/lib/libz.1.2.5.tbd; sourceTree = SDKROOT; };
		590E7D861D02091F00DF5523 /* libprotobuf-lite.a */ = {isa = PBXFileReference; lastKnownFileType = archive.ar; name = "libprotobuf-lite.a"; path = "../../makefile/gen/protobuf_ios/lib/libprotobuf-lite.a"; sourceTree = "<group>"; };
		590E7D871D02091F00DF5523 /* libprotobuf.a */ = {isa = PBXFileReference; lastKnownFileType = archive.ar; name = libprotobuf.a; path = ../../makefile/gen/protobuf_ios/lib/libprotobuf.a; sourceTree = "<group>"; };
		5911579B1CF4011C00C31E3A /* lm_keyboard.app */ = {isa = PBXFileReference; explicitFileType = wrapper.application; includeInIndex = 0; path = lm_keyboard.app; sourceTree = BUILT_PRODUCTS_DIR; };
		5993C7731D5D4EAF0048CE6A /* Accelerate.framework */ = {isa = PBXFileReference; lastKnownFileType = wrapper.framework; name = Accelerate.framework; path = System/Library/Frameworks/Accelerate.framework; sourceTree = SDKROOT; };
		59A3CFF11CF4E68100C4259F /* AppDelegate.h */ = {isa = PBXFileReference; fileEncoding = 4; lastKnownFileType = sourcecode.c.h; path = AppDelegate.h; sourceTree = "<group>"; };
		59A3CFF21CF4E68100C4259F /* AppDelegate.mm */ = {isa = PBXFileReference; fileEncoding = 4; lastKnownFileType = sourcecode.cpp.objcpp; path = AppDelegate.mm; sourceTree = "<group>"; };
		59A3CFFC1CF4E68100C4259F /* main.mm */ = {isa = PBXFileReference; fileEncoding = 4; lastKnownFileType = sourcecode.cpp.objcpp; path = main.mm; sourceTree = "<group>"; };
		59A3CFFD1CF4E68100C4259F /* RunModel-Info.plist */ = {isa = PBXFileReference; fileEncoding = 4; lastKnownFileType = text.plist.xml; path = "RunModel-Info.plist"; sourceTree = "<group>"; };
		59A3CFFE1CF4E68100C4259F /* RunModelViewController.h */ = {isa = PBXFileReference; fileEncoding = 4; lastKnownFileType = sourcecode.c.h; path = RunModelViewController.h; sourceTree = "<group>"; };
		59A3CFFF1CF4E68100C4259F /* RunModelViewController.mm */ = {isa = PBXFileReference; fileEncoding = 4; lastKnownFileType = sourcecode.cpp.objcpp; path = RunModelViewController.mm; sourceTree = "<group>"; };
		59A3D0001CF4E68100C4259F /* RunModelViewController.xib */ = {isa = PBXFileReference; fileEncoding = 4; lastKnownFileType = file.xib; path = RunModelViewController.xib; sourceTree = "<group>"; };
		59A3D0131CF4E82500C4259F /* CoreGraphics.framework */ = {isa = PBXFileReference; lastKnownFileType = wrapper.framework; name = CoreGraphics.framework; path = System/Library/Frameworks/CoreGraphics.framework; sourceTree = SDKROOT; };
		59A3D0151CF4E83D00C4259F /* Foundation.framework */ = {isa = PBXFileReference; lastKnownFileType = wrapper.framework; name = Foundation.framework; path = System/Library/Frameworks/Foundation.framework; sourceTree = SDKROOT; };
		59A3D0171CF4E86100C4259F /* UIKit.framework */ = {isa = PBXFileReference; lastKnownFileType = wrapper.framework; name = UIKit.framework; path = System/Library/Frameworks/UIKit.framework; sourceTree = SDKROOT; };
/* End PBXFileReference section */

/* Begin PBXFrameworksBuildPhase section */
		3520A9801E3C0120008457AA /* Frameworks */ = {
			isa = PBXFrameworksBuildPhase;
			buildActionMask = 2147483647;
			files = (
				35DBFA621E3FB55100B445ED /* libz.1.2.5.tbd in Frameworks */,
				350657051E3C35A10016F8CA /* CoreGraphics.framework in Frameworks */,
				350657041E3C359C0016F8CA /* UIKit.framework in Frameworks */,
				350657031E3C357A0016F8CA /* libprotobuf-lite.a in Frameworks */,
				350657011E3C35670016F8CA /* libprotobuf.a in Frameworks */,
				350656FE1E3C35180016F8CA /* Accelerate.framework in Frameworks */,
			);
			runOnlyForDeploymentPostprocessing = 0;
		};
		591157981CF4011C00C31E3A /* Frameworks */ = {
			isa = PBXFrameworksBuildPhase;
			buildActionMask = 2147483647;
			files = (
				5993C7741D5D4EAF0048CE6A /* Accelerate.framework in Frameworks */,
				590E7D8A1D0209DD00DF5523 /* libprotobuf.a in Frameworks */,
				590E7D881D02091F00DF5523 /* libprotobuf-lite.a in Frameworks */,
				59A3D0181CF4E86100C4259F /* UIKit.framework in Frameworks */,
				59A3D0141CF4E82500C4259F /* CoreGraphics.framework in Frameworks */,
			);
			runOnlyForDeploymentPostprocessing = 0;
		};
/* End PBXFrameworksBuildPhase section */

/* Begin PBXGroup section */
		350656FF1E3C35670016F8CA /* Frameworks */ = {
			isa = PBXGroup;
			children = (
				35DBFA611E3FB55100B445ED /* libz.1.2.5.tbd */,
				350657021E3C357A0016F8CA /* libprotobuf-lite.a */,
				350657001E3C35670016F8CA /* libprotobuf.a */,
			);
			name = Frameworks;
			sourceTree = "<group>";
		};
		3520A9841E3C0120008457AA /* keyboard */ = {
			isa = PBXGroup;
			children = (
				354B813F1E3CB428004EFFE0 /* data */,
				350656FC1E3C14990016F8CA /* Keyboard.storyboard */,
				3520A9851E3C0120008457AA /* KeyboardViewController.h */,
				3520A9861E3C0120008457AA /* KeyboardViewController.mm */,
				3520A9881E3C0120008457AA /* Info.plist */,
			);
			path = keyboard;
			sourceTree = "<group>";
		};
		354B813F1E3CB428004EFFE0 /* data */ = {
			isa = PBXGroup;
			children = (
				3545AA551EAAE44B00F94F42 /* graph.pb */,
				3545AA561EAAE44B00F94F42 /* rnn.pbtxt */,
				3545AA571EAAE44B00F94F42 /* vocab.pbtxt */,
				3547099E1E43F7F1005ACFA0 /* Globe.png */,
				3547099C1E43EF28005ACFA0 /* Delete.png */,
				354709931E43E8E9005ACFA0 /* Enter.png */,
				357EBD151E411C4A007CD6A3 /* Lower.png */,
				357EBD161E411C4A007CD6A3 /* Shift.png */,
				357EBD171E411C4A007CD6A3 /* Upper.png */,
			);
			name = data;
			sourceTree = "<group>";
		};
		591157921CF4011C00C31E3A = {
			isa = PBXGroup;
			children = (
				5993C7731D5D4EAF0048CE6A /* Accelerate.framework */,
				590E7D861D02091F00DF5523 /* libprotobuf-lite.a */,
				590E7D871D02091F00DF5523 /* libprotobuf.a */,
				59A3D0171CF4E86100C4259F /* UIKit.framework */,
				59A3D0151CF4E83D00C4259F /* Foundation.framework */,
				59A3D0131CF4E82500C4259F /* CoreGraphics.framework */,
				59A3CFF11CF4E68100C4259F /* AppDelegate.h */,
				59A3CFF21CF4E68100C4259F /* AppDelegate.mm */,
				59A3CFFC1CF4E68100C4259F /* main.mm */,
				59A3CFFD1CF4E68100C4259F /* RunModel-Info.plist */,
				59A3CFFE1CF4E68100C4259F /* RunModelViewController.h */,
				59A3CFFF1CF4E68100C4259F /* RunModelViewController.mm */,
				59A3D0001CF4E68100C4259F /* RunModelViewController.xib */,
				3520A9841E3C0120008457AA /* keyboard */,
				5911579C1CF4011C00C31E3A /* Products */,
				350656FF1E3C35670016F8CA /* Frameworks */,
			);
			sourceTree = "<group>";
		};
		5911579C1CF4011C00C31E3A /* Products */ = {
			isa = PBXGroup;
			children = (
				5911579B1CF4011C00C31E3A /* lm_keyboard.app */,
				3520A9831E3C0120008457AA /* keyboard.appex */,
			);
			name = Products;
			sourceTree = "<group>";
		};
/* End PBXGroup section */

/* Begin PBXNativeTarget section */
		3520A9821E3C0120008457AA /* keyboard */ = {
			isa = PBXNativeTarget;
			buildConfigurationList = 3520A98E1E3C0120008457AA /* Build configuration list for PBXNativeTarget "keyboard" */;
			buildPhases = (
				3520A97F1E3C0120008457AA /* Sources */,
				3520A9801E3C0120008457AA /* Frameworks */,
				3520A9811E3C0120008457AA /* Resources */,
			);
			buildRules = (
			);
			dependencies = (
			);
			name = keyboard;
			productName = keyboard;
			productReference = 3520A9831E3C0120008457AA /* keyboard.appex */;
			productType = "com.apple.product-type.app-extension";
		};
		5911579A1CF4011C00C31E3A /* lm_keyboard */ = {
			isa = PBXNativeTarget;
			buildConfigurationList = 591157B21CF4011D00C31E3A /* Build configuration list for PBXNativeTarget "lm_keyboard" */;
			buildPhases = (
				591157971CF4011C00C31E3A /* Sources */,
				591157981CF4011C00C31E3A /* Frameworks */,
				591157991CF4011C00C31E3A /* Resources */,
				3520A98F1E3C0120008457AA /* Embed App Extensions */,
			);
			buildRules = (
			);
			dependencies = (
				3520A98A1E3C0120008457AA /* PBXTargetDependency */,
			);
			name = lm_keyboard;
			productName = tf_ios_makefile_example;
			productReference = 5911579B1CF4011C00C31E3A /* lm_keyboard.app */;
			productType = "com.apple.product-type.application";
		};
/* End PBXNativeTarget section */

/* Begin PBXProject section */
		591157931CF4011C00C31E3A /* Project object */ = {
			isa = PBXProject;
			attributes = {
				LastUpgradeCheck = 0720;
				ORGANIZATIONNAME = Google;
				TargetAttributes = {
					3520A9821E3C0120008457AA = {
						CreatedOnToolsVersion = 8.2.1;
						DevelopmentTeam = ZRQ35C78DB;
						ProvisioningStyle = Automatic;
					};
					5911579A1CF4011C00C31E3A = {
						CreatedOnToolsVersion = 7.2;
						DevelopmentTeam = ZRQ35C78DB;
					};
				};
			};
			buildConfigurationList = 591157961CF4011C00C31E3A /* Build configuration list for PBXProject "lm_keyboard" */;
			compatibilityVersion = "Xcode 3.2";
			developmentRegion = English;
			hasScannedForEncodings = 0;
			knownRegions = (
				en,
				Base,
			);
			mainGroup = 591157921CF4011C00C31E3A;
			productRefGroup = 5911579C1CF4011C00C31E3A /* Products */;
			projectDirPath = "";
			projectRoot = "";
			targets = (
				5911579A1CF4011C00C31E3A /* lm_keyboard */,
				3520A9821E3C0120008457AA /* keyboard */,
			);
		};
/* End PBXProject section */

/* Begin PBXResourcesBuildPhase section */
		3520A9811E3C0120008457AA /* Resources */ = {
			isa = PBXResourcesBuildPhase;
			buildActionMask = 2147483647;
			files = (
				357EBD181E411C4A007CD6A3 /* Lower.png in Resources */,
				357EBD191E411C4A007CD6A3 /* Shift.png in Resources */,
				3545AA5A1EAAE44B00F94F42 /* vocab.pbtxt in Resources */,
				3545AA581EAAE44B00F94F42 /* graph.pb in Resources */,
				3545AA591EAAE44B00F94F42 /* rnn.pbtxt in Resources */,
				3547099D1E43EF28005ACFA0 /* Delete.png in Resources */,
				354709951E43E8E9005ACFA0 /* Enter.png in Resources */,
				3547099F1E43F7F1005ACFA0 /* Globe.png in Resources */,
				350656FD1E3C14990016F8CA /* Keyboard.storyboard in Resources */,
				357EBD1A1E411C4A007CD6A3 /* Upper.png in Resources */,
			);
			runOnlyForDeploymentPostprocessing = 0;
		};
		591157991CF4011C00C31E3A /* Resources */ = {
			isa = PBXResourcesBuildPhase;
			buildActionMask = 2147483647;
			files = (
				59A3D00C1CF4E68100C4259F /* RunModelViewController.xib in Resources */,
			);
			runOnlyForDeploymentPostprocessing = 0;
		};
/* End PBXResourcesBuildPhase section */

/* Begin PBXSourcesBuildPhase section */
		3520A97F1E3C0120008457AA /* Sources */ = {
			isa = PBXSourcesBuildPhase;
			buildActionMask = 2147483647;
			files = (
				3520A9871E3C0120008457AA /* KeyboardViewController.mm in Sources */,
			);
			runOnlyForDeploymentPostprocessing = 0;
		};
		591157971CF4011C00C31E3A /* Sources */ = {
			isa = PBXSourcesBuildPhase;
			buildActionMask = 2147483647;
			files = (
				59A3D0091CF4E68100C4259F /* main.mm in Sources */,
				59A3D0011CF4E68100C4259F /* AppDelegate.mm in Sources */,
				59A3D00B1CF4E68100C4259F /* RunModelViewController.mm in Sources */,
			);
			runOnlyForDeploymentPostprocessing = 0;
		};
/* End PBXSourcesBuildPhase section */

/* Begin PBXTargetDependency section */
		3520A98A1E3C0120008457AA /* PBXTargetDependency */ = {
			isa = PBXTargetDependency;
			target = 3520A9821E3C0120008457AA /* keyboard */;
			targetProxy = 3520A9891E3C0120008457AA /* PBXContainerItemProxy */;
		};
/* End PBXTargetDependency section */

/* Begin XCBuildConfiguration section */
		3520A98C1E3C0120008457AA /* Debug */ = {
			isa = XCBuildConfiguration;
			buildSettings = {
				CLANG_ANALYZER_NONNULL = YES;
				CLANG_DEBUG_INFORMATION_LEVEL = default;
				CLANG_WARN_DOCUMENTATION_COMMENTS = YES;
				CLANG_WARN_INFINITE_RECURSION = YES;
				CLANG_WARN_SUSPICIOUS_MOVE = YES;
				CODE_SIGN_IDENTITY = "iPhone Developer";
				DEVELOPMENT_TEAM = ZRQ35C78DB;
				ENABLE_BITCODE = NO;
				HEADER_SEARCH_PATHS = (
					"$(SRCROOT)/../../..",
					"$(SRCROOT)/../../contrib/makefile/downloads/protobuf/src/",
					"$(SRCROOT)/../../contrib/makefile/downloads",
					"$(SRCROOT)/../../contrib/makefile/gen/proto",
					"$(SRCROOT)/../../contrib/makefile/downloads/eigen",
				);
				INFOPLIST_FILE = keyboard/Info.plist;
				IPHONEOS_DEPLOYMENT_TARGET = 10.2;
				LD_RUNPATH_SEARCH_PATHS = "$(inherited) @executable_path/Frameworks @executable_path/../../Frameworks";
				LIBRARY_SEARCH_PATHS = (
					"$(SRCROOT)/../../contrib/makefile/gen/protobuf_ios/lib",
					"$(SRCROOT)/../../contrib/makefile/gen/lib",
				);
				ONLY_ACTIVE_ARCH = YES;
				OTHER_LDFLAGS = (
					"-force_load",
					"$(SRCROOT)/../../contrib/makefile/gen/lib/libtensorflow-core.a",
				);
				PRODUCT_BUNDLE_IDENTIFIER = com.devankuleindiren.lmkeyboard.keyboard;
				PRODUCT_NAME = "$(TARGET_NAME)";
				SKIP_INSTALL = NO;
				STRIP_STYLE = "non-global";
			};
			name = Debug;
		};
		3520A98D1E3C0120008457AA /* Release */ = {
			isa = XCBuildConfiguration;
			buildSettings = {
				CLANG_ANALYZER_NONNULL = YES;
				CLANG_DEBUG_INFORMATION_LEVEL = default;
				CLANG_WARN_DOCUMENTATION_COMMENTS = YES;
				CLANG_WARN_INFINITE_RECURSION = YES;
				CLANG_WARN_SUSPICIOUS_MOVE = YES;
				CODE_SIGN_IDENTITY = "iPhone Developer";
				DEVELOPMENT_TEAM = ZRQ35C78DB;
				ENABLE_BITCODE = NO;
				HEADER_SEARCH_PATHS = (
					"$(SRCROOT)/../../..",
					"$(SRCROOT)/../../contrib/makefile/downloads/protobuf/src/",
					"$(SRCROOT)/../../contrib/makefile/downloads",
					"$(SRCROOT)/../../contrib/makefile/gen/proto",
					"$(SRCROOT)/../../contrib/makefile/downloads/eigen",
				);
				INFOPLIST_FILE = keyboard/Info.plist;
				IPHONEOS_DEPLOYMENT_TARGET = 10.2;
				LD_RUNPATH_SEARCH_PATHS = "$(inherited) @executable_path/Frameworks @executable_path/../../Frameworks";
				LIBRARY_SEARCH_PATHS = (
					"$(SRCROOT)/../../contrib/makefile/gen/protobuf_ios/lib",
					"$(SRCROOT)/../../contrib/makefile/gen/lib",
				);
				ONLY_ACTIVE_ARCH = YES;
				OTHER_LDFLAGS = (
					"-force_load",
					"$(SRCROOT)/../../contrib/makefile/gen/lib/libtensorflow-core.a",
				);
				PRODUCT_BUNDLE_IDENTIFIER = com.devankuleindiren.lmkeyboard.keyboard;
				PRODUCT_NAME = "$(TARGET_NAME)";
				SKIP_INSTALL = NO;
				STRIP_STYLE = "non-global";
			};
			name = Release;
		};
		591157B01CF4011D00C31E3A /* Debug */ = {
			isa = XCBuildConfiguration;
			buildSettings = {
				ALWAYS_SEARCH_USER_PATHS = NO;
				CLANG_CXX_LANGUAGE_STANDARD = "gnu++0x";
				CLANG_CXX_LIBRARY = "libc++";
				CLANG_ENABLE_MODULES = YES;
				CLANG_ENABLE_OBJC_ARC = YES;
				CLANG_WARN_BOOL_CONVERSION = YES;
				CLANG_WARN_CONSTANT_CONVERSION = YES;
				CLANG_WARN_DIRECT_OBJC_ISA_USAGE = YES_ERROR;
				CLANG_WARN_EMPTY_BODY = YES;
				CLANG_WARN_ENUM_CONVERSION = YES;
				CLANG_WARN_INT_CONVERSION = YES;
				CLANG_WARN_OBJC_ROOT_CLASS = YES_ERROR;
				CLANG_WARN_UNREACHABLE_CODE = YES;
				CLANG_WARN__DUPLICATE_METHOD_MATCH = YES;
				"CODE_SIGN_IDENTITY[sdk=iphoneos*]" = "iPhone Developer";
				COPY_PHASE_STRIP = NO;
				DEBUG_INFORMATION_FORMAT = dwarf;
				ENABLE_STRICT_OBJC_MSGSEND = YES;
				ENABLE_TESTABILITY = YES;
				GCC_C_LANGUAGE_STANDARD = gnu99;
				GCC_DYNAMIC_NO_PIC = NO;
				GCC_NO_COMMON_BLOCKS = YES;
				GCC_OPTIMIZATION_LEVEL = 0;
				GCC_PREPROCESSOR_DEFINITIONS = (
					"DEBUG=1",
					"$(inherited)",
				);
				GCC_WARN_64_TO_32_BIT_CONVERSION = YES;
				GCC_WARN_ABOUT_RETURN_TYPE = YES_ERROR;
				GCC_WARN_UNDECLARED_SELECTOR = YES;
				GCC_WARN_UNINITIALIZED_AUTOS = YES_AGGRESSIVE;
				GCC_WARN_UNUSED_FUNCTION = YES;
				GCC_WARN_UNUSED_VARIABLE = YES;
				IPHONEOS_DEPLOYMENT_TARGET = 9.2;
				MTL_ENABLE_DEBUG_INFO = YES;
				ONLY_ACTIVE_ARCH = YES;
				SDKROOT = iphoneos;
				TARGETED_DEVICE_FAMILY = "1,2";
			};
			name = Debug;
		};
		591157B11CF4011D00C31E3A /* Release */ = {
			isa = XCBuildConfiguration;
			buildSettings = {
				ALWAYS_SEARCH_USER_PATHS = NO;
				CLANG_CXX_LANGUAGE_STANDARD = "gnu++0x";
				CLANG_CXX_LIBRARY = "libc++";
				CLANG_ENABLE_MODULES = YES;
				CLANG_ENABLE_OBJC_ARC = YES;
				CLANG_WARN_BOOL_CONVERSION = YES;
				CLANG_WARN_CONSTANT_CONVERSION = YES;
				CLANG_WARN_DIRECT_OBJC_ISA_USAGE = YES_ERROR;
				CLANG_WARN_EMPTY_BODY = YES;
				CLANG_WARN_ENUM_CONVERSION = YES;
				CLANG_WARN_INT_CONVERSION = YES;
				CLANG_WARN_OBJC_ROOT_CLASS = YES_ERROR;
				CLANG_WARN_UNREACHABLE_CODE = YES;
				CLANG_WARN__DUPLICATE_METHOD_MATCH = YES;
				"CODE_SIGN_IDENTITY[sdk=iphoneos*]" = "iPhone Developer";
				COPY_PHASE_STRIP = NO;
				DEBUG_INFORMATION_FORMAT = "dwarf-with-dsym";
				ENABLE_NS_ASSERTIONS = NO;
				ENABLE_STRICT_OBJC_MSGSEND = YES;
				GCC_C_LANGUAGE_STANDARD = gnu99;
				GCC_NO_COMMON_BLOCKS = YES;
				GCC_WARN_64_TO_32_BIT_CONVERSION = YES;
				GCC_WARN_ABOUT_RETURN_TYPE = YES_ERROR;
				GCC_WARN_UNDECLARED_SELECTOR = YES;
				GCC_WARN_UNINITIALIZED_AUTOS = YES_AGGRESSIVE;
				GCC_WARN_UNUSED_FUNCTION = YES;
				GCC_WARN_UNUSED_VARIABLE = YES;
				IPHONEOS_DEPLOYMENT_TARGET = 9.2;
				MTL_ENABLE_DEBUG_INFO = NO;
				SDKROOT = iphoneos;
				TARGETED_DEVICE_FAMILY = "1,2";
				VALIDATE_PRODUCT = YES;
			};
			name = Release;
		};
		591157B31CF4011D00C31E3A /* Debug */ = {
			isa = XCBuildConfiguration;
			buildSettings = {
				CLANG_DEBUG_INFORMATION_LEVEL = default;
				CODE_SIGN_IDENTITY = "iPhone Developer";
				DEVELOPMENT_TEAM = ZRQ35C78DB;
				ENABLE_BITCODE = NO;
				GCC_ENABLE_CPP_EXCEPTIONS = YES;
				GCC_ENABLE_CPP_RTTI = YES;
				HEADER_SEARCH_PATHS = (
					"$(SRCROOT)/../../..",
					"$(SRCROOT)/../../contrib/makefile/downloads/protobuf/src/",
					"$(SRCROOT)/../../contrib/makefile/downloads",
					"$(SRCROOT)/../../contrib/makefile/gen/proto",
					"$(SRCROOT)/../../contrib/makefile/downloads/eigen",
				);
				INFOPLIST_FILE = "$(SRCROOT)/RunModel-Info.plist";
				IPHONEOS_DEPLOYMENT_TARGET = 10.2;
				LD_RUNPATH_SEARCH_PATHS = "$(inherited) @executable_path/Frameworks";
				LIBRARY_SEARCH_PATHS = (
					"$(SRCROOT)/../../contrib/makefile/gen/protobuf_ios/lib",
					"$(SRCROOT)/../../contrib/makefile/gen/lib",
				);
				OTHER_CPLUSPLUSFLAGS = "$(OTHER_CFLAGS)";
				OTHER_LDFLAGS = (
					"-force_load",
					"$(SRCROOT)/../../contrib/makefile/gen/lib/libtensorflow-core.a",
					"-Xlinker",
					"-S",
					"-Xlinker",
					"-x",
					"-Xlinker",
					"-dead_strip",
				);
				PRODUCT_BUNDLE_IDENTIFIER = com.devankuleindiren.lmkeyboard;
				PRODUCT_NAME = "$(TARGET_NAME)";
				SEPARATE_STRIP = NO;
			};
			name = Debug;
		};
		591157B41CF4011D00C31E3A /* Release */ = {
			isa = XCBuildConfiguration;
			buildSettings = {
				CLANG_DEBUG_INFORMATION_LEVEL = default;
				CODE_SIGN_IDENTITY = "iPhone Developer";
				"CODE_SIGN_IDENTITY[sdk=iphoneos*]" = "iPhone Developer";
				DEVELOPMENT_TEAM = ZRQ35C78DB;
				ENABLE_BITCODE = NO;
				GCC_ENABLE_CPP_EXCEPTIONS = YES;
				GCC_ENABLE_CPP_RTTI = YES;
				HEADER_SEARCH_PATHS = (
					"$(SRCROOT)/../../..",
					"$(SRCROOT)/../../contrib/makefile/downloads/protobuf/src/",
					"$(SRCROOT)/../../contrib/makefile/downloads",
					"$(SRCROOT)/../../contrib/makefile/gen/proto",
					"$(SRCROOT)/../../contrib/makefile/downloads/eigen",
				);
				INFOPLIST_FILE = "$(SRCROOT)/RunModel-Info.plist";
				IPHONEOS_DEPLOYMENT_TARGET = 10.2;
				LD_RUNPATH_SEARCH_PATHS = "$(inherited) @executable_path/Frameworks";
				LIBRARY_SEARCH_PATHS = (
					"$(SRCROOT)/../../contrib/makefile/gen/protobuf_ios/lib",
					"$(SRCROOT)/../../contrib/makefile/gen/lib",
				);
				ONLY_ACTIVE_ARCH = NO;
				OTHER_CPLUSPLUSFLAGS = "$(OTHER_CFLAGS)";
				OTHER_LDFLAGS = (
					"-force_load",
					"$(SRCROOT)/../../contrib/makefile/gen/lib/libtensorflow-core.a",
					"-Xlinker",
					"-S",
					"-Xlinker",
					"-x",
					"-Xlinker",
					"-dead_strip",
				);
				PRODUCT_BUNDLE_IDENTIFIER = com.devankuleindiren.lmkeyboard;
				PRODUCT_NAME = "$(TARGET_NAME)";
				SEPARATE_STRIP = NO;
			};
			name = Release;
		};
/* End XCBuildConfiguration section */

/* Begin XCConfigurationList section */
		3520A98E1E3C0120008457AA /* Build configuration list for PBXNativeTarget "keyboard" */ = {
			isa = XCConfigurationList;
			buildConfigurations = (
				3520A98C1E3C0120008457AA /* Debug */,
				3520A98D1E3C0120008457AA /* Release */,
			);
			defaultConfigurationIsVisible = 0;
			defaultConfigurationName = Release;
		};
		591157961CF4011C00C31E3A /* Build configuration list for PBXProject "lm_keyboard" */ = {
			isa = XCConfigurationList;
			buildConfigurations = (
				591157B01CF4011D00C31E3A /* Debug */,
				591157B11CF4011D00C31E3A /* Release */,
			);
			defaultConfigurationIsVisible = 0;
			defaultConfigurationName = Release;
		};
		591157B21CF4011D00C31E3A /* Build configuration list for PBXNativeTarget "lm_keyboard" */ = {
			isa = XCConfigurationList;
			buildConfigurations = (
				591157B31CF4011D00C31E3A /* Debug */,
				591157B41CF4011D00C31E3A /* Release */,
			);
			defaultConfigurationIsVisible = 0;
			defaultConfigurationName = Release;
		};
/* End XCConfigurationList section */
	};
	rootObject = 591157931CF4011C00C31E3A /* Project object */;
}
